
Microsoft Visual Studio Solution File, Format Version 12.00
# Visual Studio Version 16
VisualStudioVersion = 16.0.30611.23
MinimumVisualStudioVersion = 10.0.40219.1
Project("{FAE04EC0-301F-11D3-BF4B-00C04F79EFBC}") = "OnlineShop", "OnlineShop.csproj", "{5BEB029F-D830-4BBB-8247-5919A2A3AE05}"
EndProject
Project("{FAE04EC0-301F-11D3-BF4B-00C04F79EFBC}") = "Model", "..\Model\Model.csproj", "{B1AB56D6-F6B4-484A-AA5E-A9F723F4667F}"
EndProject
Project("{FAE04EC0-301F-11D3-BF4B-00C04F79EFBC}") = "Common", "..\Common\Common.csproj", "{6BB5909D-87A7-46E3-BD70-C5CD1BE04D45}"
EndProject
Project("{FAE04EC0-301F-11D3-BF4B-00C04F79EFBC}") = "StaticResource", "..\StaticResource\StaticResource.csproj", "{2C7D12C0-D471-437D-9F39-546C563920F2}"
EndProject
Global
	GlobalSection(SolutionConfigurationPlatforms) = preSolution
		Debug|Any CPU = Debug|Any CPU
		Release|Any CPU = Release|Any CPU
	EndGlobalSection
	GlobalSection(ProjectConfigurationPlatforms) = postSolution
		{5BEB029F-D830-4BBB-8247-5919A2A3AE05}.Debug|Any CPU.ActiveCfg = Debug|Any CPU
		{5BEB029F-D830-4BBB-8247-5919A2A3AE05}.Debug|Any CPU.Build.0 = Debug|Any CPU
		{5BEB029F-D830-4BBB-8247-5919A2A3AE05}.Release|Any CPU.ActiveCfg = Release|Any CPU
		{5BEB029F-D830-4BBB-8247-5919A2A3AE05}.Release|Any CPU.Build.0 = Release|Any CPU
		{B1AB56D6-F6B4-484A-AA5E-A9F723F4667F}.Debug|Any CPU.ActiveCfg = Debug|Any CPU
		{B1AB56D6-F6B4-484A-AA5E-A9F723F4667F}.Debug|Any CPU.Build.0 = Debug|Any CPU
		{B1AB56D6-F6B4-484A-AA5E-A9F723F4667F}.Release|Any CPU.ActiveCfg = Release|Any CPU
		{B1AB56D6-F6B4-484A-AA5E-A9F723F4667F}.Release|Any CPU.Build.0 = Release|Any CPU
		{6BB5909D-87A7-46E3-BD70-C5CD1BE04D45}.Debug|Any CPU.ActiveCfg = Debug|Any CPU
		{6BB5909D-87A7-46E3-BD70-C5CD1BE04D45}.Debug|Any CPU.Build.0 = Debug|Any CPU
		{6BB5909D-87A7-46E3-BD70-C5CD1BE04D45}.Release|Any CPU.ActiveCfg = Release|Any CPU
		{6BB5909D-87A7-46E3-BD70-C5CD1BE04D45}.Release|Any CPU.Build.0 = Release|Any CPU
		{2C7D12C0-D471-437D-9F39-546C563920F2}.Debug|Any CPU.ActiveCfg = Debug|Any CPU
		{2C7D12C0-D471-437D-9F39-546C563920F2}.Debug|Any CPU.Build.0 = Debug|Any CPU
		{2C7D12C0-D471-437D-9F39-546C563920F2}.Release|Any CPU.ActiveCfg = Release|Any CPU
		{2C7D12C0-D471-437D-9F39-546C563920F2}.Release|Any CPU.Build.0 = Release|Any CPU
	EndGlobalSection
	GlobalSection(SolutionProperties) = preSolution
		HideSolutionNode = FALSE
	EndGlobalSection
	GlobalSection(ExtensibilityGlobals) = postSolution
		SolutionGuid = {FBF38204-22DA-49D4-98A3-26CF5BABE676}
	EndGlobalSection
EndGlobal
